
Microsoft Visual Studio Solution File, Format Version 12.00
# Visual Studio Version 17
VisualStudioVersion = 17.10.35027.167
MinimumVisualStudioVersion = 10.0.40219.1
Project("{FAE04EC0-301F-11D3-BF4B-00C04F79EFBC}") = "ConsoleApp18", "ConsoleApp18\ConsoleApp18.csproj", "{F3C0CE3E-3A51-4EE2-BA78-8B77735F407B}"
EndProject
Global
	GlobalSection(SolutionConfigurationPlatforms) = preSolution
		Debug|Any CPU = Debug|Any CPU
		Release|Any CPU = Release|Any CPU
	EndGlobalSection
	GlobalSection(ProjectConfigurationPlatforms) = postSolution
		{F3C0CE3E-3A51-4EE2-BA78-8B77735F407B}.Debug|Any CPU.ActiveCfg = Debug|Any CPU
		{F3C0CE3E-3A51-4EE2-BA78-8B77735F407B}.Debug|Any CPU.Build.0 = Debug|Any CPU
		{F3C0CE3E-3A51-4EE2-BA78-8B77735F407B}.Release|Any CPU.ActiveCfg = Release|Any CPU
		{F3C0CE3E-3A51-4EE2-BA78-8B77735F407B}.Release|Any CPU.Build.0 = Release|Any CPU
	EndGlobalSection
	GlobalSection(SolutionProperties) = preSolution
		HideSolutionNode = FALSE
	EndGlobalSection
	GlobalSection(ExtensibilityGlobals) = postSolution
		SolutionGuid = {1F475074-6A07-4B07-94F3-5F7DD215C237}
	EndGlobalSection
EndGlobal
